
Microsoft Visual Studio Solution File, Format Version 12.00
# Visual Studio Version 16
VisualStudioVersion = 16.0.30128.74
MinimumVisualStudioVersion = 10.0.40219.1
Project("{FAE04EC0-301F-11D3-BF4B-00C04F79EFBC}") = "Address book", "Address book\Address book.csproj", "{FBA22019-419B-4BE4-BB1F-C41623747356}"
EndProject
Global
	GlobalSection(SolutionConfigurationPlatforms) = preSolution
		Debug|Any CPU = Debug|Any CPU
		Release|Any CPU = Release|Any CPU
	EndGlobalSection
	GlobalSection(ProjectConfigurationPlatforms) = postSolution
		{FBA22019-419B-4BE4-BB1F-C41623747356}.Debug|Any CPU.ActiveCfg = Debug|Any CPU
		{FBA22019-419B-4BE4-BB1F-C41623747356}.Debug|Any CPU.Build.0 = Debug|Any CPU
		{FBA22019-419B-4BE4-BB1F-C41623747356}.Release|Any CPU.ActiveCfg = Release|Any CPU
		{FBA22019-419B-4BE4-BB1F-C41623747356}.Release|Any CPU.Build.0 = Release|Any CPU
	EndGlobalSection
	GlobalSection(SolutionProperties) = preSolution
		HideSolutionNode = FALSE
	EndGlobalSection
	GlobalSection(ExtensibilityGlobals) = postSolution
		SolutionGuid = {2ADCCAA7-D467-4848-B6C9-4612668E44BE}
	EndGlobalSection
EndGlobal
